
Microsoft Visual Studio Solution File, Format Version 12.00
# Visual Studio Version 16
VisualStudioVersion = 16.0.29509.3
MinimumVisualStudioVersion = 10.0.40219.1
Project("{FAE04EC0-301F-11D3-BF4B-00C04F79EFBC}") = "CAA-CrossPlatform.UWP", "CAA-CrossPlatform.UWP\CAA-CrossPlatform.UWP.csproj", "{C5C461BD-1B2A-4C7D-9E7C-4D4C5D7250EB}"
EndProject
Project("{FAE04EC0-301F-11D3-BF4B-00C04F79EFBC}") = "CAA-CrossPlatform.Android", "CAA-CrossPlatform.Android\CAA-CrossPlatform.Android.csproj", "{A6F7FB49-5187-4886-B23E-4095ACCC7308}"
EndProject
Project("{FAE04EC0-301F-11D3-BF4B-00C04F79EFBC}") = "CAA-CrossPlatform.iOS", "CAA-CrossPlatform.iOS\CAA-CrossPlatform.iOS.csproj", "{601F3B52-7CD9-4238-9CF0-1FD3009D05C2}"
EndProject
Project("{9A19103F-16F7-4668-BE54-9A1E7A4F7556}") = "CAA-CrossPlatform", "CAA-CrossPlatform\CAA-CrossPlatform.csproj", "{D16B5C19-E3C7-4EC2-998D-970D42247C41}"
EndProject
Global
	GlobalSection(SolutionConfigurationPlatforms) = preSolution
		Debug|Any CPU = Debug|Any CPU
		Debug|ARM = Debug|ARM
		Debug|iPhone = Debug|iPhone
		Debug|iPhoneSimulator = Debug|iPhoneSimulator
		Debug|x64 = Debug|x64
		Debug|x86 = Debug|x86
		Release|Any CPU = Release|Any CPU
		Release|ARM = Release|ARM
		Release|iPhone = Release|iPhone
		Release|iPhoneSimulator = Release|iPhoneSimulator
		Release|x64 = Release|x64
		Release|x86 = Release|x86
	EndGlobalSection
	GlobalSection(ProjectConfigurationPlatforms) = postSolution
		{C5C461BD-1B2A-4C7D-9E7C-4D4C5D7250EB}.Debug|Any CPU.ActiveCfg = Debug|x86
		{C5C461BD-1B2A-4C7D-9E7C-4D4C5D7250EB}.Debug|Any CPU.Build.0 = Debug|x86
		{C5C461BD-1B2A-4C7D-9E7C-4D4C5D7250EB}.Debug|Any CPU.Deploy.0 = Debug|x86
		{C5C461BD-1B2A-4C7D-9E7C-4D4C5D7250EB}.Debug|ARM.ActiveCfg = Debug|ARM
		{C5C461BD-1B2A-4C7D-9E7C-4D4C5D7250EB}.Debug|ARM.Build.0 = Debug|ARM
		{C5C461BD-1B2A-4C7D-9E7C-4D4C5D7250EB}.Debug|ARM.Deploy.0 = Debug|ARM
		{C5C461BD-1B2A-4C7D-9E7C-4D4C5D7250EB}.Debug|iPhone.ActiveCfg = Debug|x86
		{C5C461BD-1B2A-4C7D-9E7C-4D4C5D7250EB}.Debug|iPhone.Build.0 = Debug|x86
		{C5C461BD-1B2A-4C7D-9E7C-4D4C5D7250EB}.Debug|iPhone.Deploy.0 = Debug|x86
		{C5C461BD-1B2A-4C7D-9E7C-4D4C5D7250EB}.Debug|iPhoneSimulator.ActiveCfg = Debug|x86
		{C5C461BD-1B2A-4C7D-9E7C-4D4C5D7250EB}.Debug|iPhoneSimulator.Build.0 = Debug|x86
		{C5C461BD-1B2A-4C7D-9E7C-4D4C5D7250EB}.Debug|iPhoneSimulator.Deploy.0 = Debug|x86
		{C5C461BD-1B2A-4C7D-9E7C-4D4C5D7250EB}.Debug|x64.ActiveCfg = Debug|x64
		{C5C461BD-1B2A-4C7D-9E7C-4D4C5D7250EB}.Debug|x64.Build.0 = Debug|x64
		{C5C461BD-1B2A-4C7D-9E7C-4D4C5D7250EB}.Debug|x64.Deploy.0 = Debug|x64
		{C5C461BD-1B2A-4C7D-9E7C-4D4C5D7250EB}.Debug|x86.ActiveCfg = Debug|x86
		{C5C461BD-1B2A-4C7D-9E7C-4D4C5D7250EB}.Debug|x86.Build.0 = Debug|x86
		{C5C461BD-1B2A-4C7D-9E7C-4D4C5D7250EB}.Debug|x86.Deploy.0 = Debug|x86
		{C5C461BD-1B2A-4C7D-9E7C-4D4C5D7250EB}.Release|Any CPU.ActiveCfg = Release|x86
		{C5C461BD-1B2A-4C7D-9E7C-4D4C5D7250EB}.Release|Any CPU.Build.0 = Release|x86
		{C5C461BD-1B2A-4C7D-9E7C-4D4C5D7250EB}.Release|Any CPU.Deploy.0 = Release|x86
		{C5C461BD-1B2A-4C7D-9E7C-4D4C5D7250EB}.Release|ARM.ActiveCfg = Release|ARM
		{C5C461BD-1B2A-4C7D-9E7C-4D4C5D7250EB}.Release|ARM.Build.0 = Release|ARM
		{C5C461BD-1B2A-4C7D-9E7C-4D4C5D7250EB}.Release|ARM.Deploy.0 = Release|ARM
		{C5C461BD-1B2A-4C7D-9E7C-4D4C5D7250EB}.Release|iPhone.ActiveCfg = Release|x86
		{C5C461BD-1B2A-4C7D-9E7C-4D4C5D7250EB}.Release|iPhone.Build.0 = Release|x86
		{C5C461BD-1B2A-4C7D-9E7C-4D4C5D7250EB}.Release|iPhone.Deploy.0 = Release|x86
		{C5C461BD-1B2A-4C7D-9E7C-4D4C5D7250EB}.Release|iPhoneSimulator.ActiveCfg = Release|x86
		{C5C461BD-1B2A-4C7D-9E7C-4D4C5D7250EB}.Release|iPhoneSimulator.Build.0 = Release|x86
		{C5C461BD-1B2A-4C7D-9E7C-4D4C5D7250EB}.Release|iPhoneSimulator.Deploy.0 = Release|x86
		{C5C461BD-1B2A-4C7D-9E7C-4D4C5D7250EB}.Release|x64.ActiveCfg = Release|x64
		{C5C461BD-1B2A-4C7D-9E7C-4D4C5D7250EB}.Release|x64.Build.0 = Release|x64
		{C5C461BD-1B2A-4C7D-9E7C-4D4C5D7250EB}.Release|x64.Deploy.0 = Release|x64
		{C5C461BD-1B2A-4C7D-9E7C-4D4C5D7250EB}.Release|x86.ActiveCfg = Release|x86
		{C5C461BD-1B2A-4C7D-9E7C-4D4C5D7250EB}.Release|x86.Build.0 = Release|x86
		{C5C461BD-1B2A-4C7D-9E7C-4D4C5D7250EB}.Release|x86.Deploy.0 = Release|x86
		{A6F7FB49-5187-4886-B23E-4095ACCC7308}.Debug|Any CPU.ActiveCfg = Debug|Any CPU
		{A6F7FB49-5187-4886-B23E-4095ACCC7308}.Debug|Any CPU.Build.0 = Debug|Any CPU
		{A6F7FB49-5187-4886-B23E-4095ACCC7308}.Debug|Any CPU.Deploy.0 = Debug|Any CPU
		{A6F7FB49-5187-4886-B23E-4095ACCC7308}.Debug|ARM.ActiveCfg = Debug|Any CPU
		{A6F7FB49-5187-4886-B23E-4095ACCC7308}.Debug|ARM.Build.0 = Debug|Any CPU
		{A6F7FB49-5187-4886-B23E-4095ACCC7308}.Debug|ARM.Deploy.0 = Debug|Any CPU
		{A6F7FB49-5187-4886-B23E-4095ACCC7308}.Debug|iPhone.ActiveCfg = Debug|Any CPU
		{A6F7FB49-5187-4886-B23E-4095ACCC7308}.Debug|iPhone.Build.0 = Debug|Any CPU
		{A6F7FB49-5187-4886-B23E-4095ACCC7308}.Debug|iPhone.Deploy.0 = Debug|Any CPU
		{A6F7FB49-5187-4886-B23E-4095ACCC7308}.Debug|iPhoneSimulator.ActiveCfg = Debug|Any CPU
		{A6F7FB49-5187-4886-B23E-4095ACCC7308}.Debug|iPhoneSimulator.Build.0 = Debug|Any CPU
		{A6F7FB49-5187-4886-B23E-4095ACCC7308}.Debug|iPhoneSimulator.Deploy.0 = Debug|Any CPU
		{A6F7FB49-5187-4886-B23E-4095ACCC7308}.Debug|x64.ActiveCfg = Debug|Any CPU
		{A6F7FB49-5187-4886-B23E-4095ACCC7308}.Debug|x64.Build.0 = Debug|Any CPU
		{A6F7FB49-5187-4886-B23E-4095ACCC7308}.Debug|x64.Deploy.0 = Debug|Any CPU
		{A6F7FB49-5187-4886-B23E-4095ACCC7308}.Debug|x86.ActiveCfg = Debug|Any CPU
		{A6F7FB49-5187-4886-B23E-4095ACCC7308}.Debug|x86.Build.0 = Debug|Any CPU
		{A6F7FB49-5187-4886-B23E-4095ACCC7308}.Debug|x86.Deploy.0 = Debug|Any CPU
		{A6F7FB49-5187-4886-B23E-4095ACCC7308}.Release|Any CPU.ActiveCfg = Release|Any CPU
		{A6F7FB49-5187-4886-B23E-4095ACCC7308}.Release|Any CPU.Build.0 = Release|Any CPU
		{A6F7FB49-5187-4886-B23E-4095ACCC7308}.Release|Any CPU.Deploy.0 = Release|Any CPU
		{A6F7FB49-5187-4886-B23E-4095ACCC7308}.Release|ARM.ActiveCfg = Release|Any CPU
		{A6F7FB49-5187-4886-B23E-4095ACCC7308}.Release|ARM.Build.0 = Release|Any CPU
		{A6F7FB49-5187-4886-B23E-4095ACCC7308}.Release|ARM.Deploy.0 = Release|Any CPU
		{A6F7FB49-5187-4886-B23E-4095ACCC7308}.Release|iPhone.ActiveCfg = Release|Any CPU
		{A6F7FB49-5187-4886-B23E-4095ACCC7308}.Release|iPhone.Build.0 = Release|Any CPU
		{A6F7FB49-5187-4886-B23E-4095ACCC7308}.Release|iPhone.Deploy.0 = Release|Any CPU
		{A6F7FB49-5187-4886-B23E-4095ACCC7308}.Release|iPhoneSimulator.ActiveCfg = Release|Any CPU
		{A6F7FB49-5187-4886-B23E-4095ACCC7308}.Release|iPhoneSimulator.Build.0 = Release|Any CPU
		{A6F7FB49-5187-4886-B23E-4095ACCC7308}.Release|iPhoneSimulator.Deploy.0 = Release|Any CPU
		{A6F7FB49-5187-4886-B23E-4095ACCC7308}.Release|x64.ActiveCfg = Release|Any CPU
		{A6F7FB49-5187-4886-B23E-4095ACCC7308}.Release|x64.Build.0 = Release|Any CPU
		{A6F7FB49-5187-4886-B23E-4095ACCC7308}.Release|x64.Deploy.0 = Release|Any CPU
		{A6F7FB49-5187-4886-B23E-4095ACCC7308}.Release|x86.ActiveCfg = Release|Any CPU
		{A6F7FB49-5187-4886-B23E-4095ACCC7308}.Release|x86.Build.0 = Release|Any CPU
		{A6F7FB49-5187-4886-B23E-4095ACCC7308}.Release|x86.Deploy.0 = Release|Any CPU
		{601F3B52-7CD9-4238-9CF0-1FD3009D05C2}.Debug|Any CPU.ActiveCfg = Debug|iPhone
		{601F3B52-7CD9-4238-9CF0-1FD3009D05C2}.Debug|Any CPU.Build.0 = Debug|iPhone
		{601F3B52-7CD9-4238-9CF0-1FD3009D05C2}.Debug|Any CPU.Deploy.0 = Debug|iPhone
		{601F3B52-7CD9-4238-9CF0-1FD3009D05C2}.Debug|ARM.ActiveCfg = Debug|iPhoneSimulator
		{601F3B52-7CD9-4238-9CF0-1FD3009D05C2}.Debug|ARM.Build.0 = Debug|iPhoneSimulator
		{601F3B52-7CD9-4238-9CF0-1FD3009D05C2}.Debug|ARM.Deploy.0 = Debug|iPhoneSimulator
		{601F3B52-7CD9-4238-9CF0-1FD3009D05C2}.Debug|iPhone.ActiveCfg = Debug|iPhone
		{601F3B52-7CD9-4238-9CF0-1FD3009D05C2}.Debug|iPhone.Build.0 = Debug|iPhone
		{601F3B52-7CD9-4238-9CF0-1FD3009D05C2}.Debug|iPhone.Deploy.0 = Debug|iPhone
		{601F3B52-7CD9-4238-9CF0-1FD3009D05C2}.Debug|iPhoneSimulator.ActiveCfg = Debug|iPhoneSimulator
		{601F3B52-7CD9-4238-9CF0-1FD3009D05C2}.Debug|iPhoneSimulator.Build.0 = Debug|iPhoneSimulator
		{601F3B52-7CD9-4238-9CF0-1FD3009D05C2}.Debug|iPhoneSimulator.Deploy.0 = Debug|iPhoneSimulator
		{601F3B52-7CD9-4238-9CF0-1FD3009D05C2}.Debug|x64.ActiveCfg = Debug|iPhone
		{601F3B52-7CD9-4238-9CF0-1FD3009D05C2}.Debug|x64.Build.0 = Debug|iPhone
		{601F3B52-7CD9-4238-9CF0-1FD3009D05C2}.Debug|x64.Deploy.0 = Debug|iPhone
		{601F3B52-7CD9-4238-9CF0-1FD3009D05C2}.Debug|x86.ActiveCfg = Debug|iPhone
		{601F3B52-7CD9-4238-9CF0-1FD3009D05C2}.Debug|x86.Build.0 = Debug|iPhone
		{601F3B52-7CD9-4238-9CF0-1FD3009D05C2}.Debug|x86.Deploy.0 = Debug|iPhone
		{601F3B52-7CD9-4238-9CF0-1FD3009D05C2}.Release|Any CPU.ActiveCfg = Release|iPhone
		{601F3B52-7CD9-4238-9CF0-1FD3009D05C2}.Release|Any CPU.Build.0 = Release|iPhone
		{601F3B52-7CD9-4238-9CF0-1FD3009D05C2}.Release|Any CPU.Deploy.0 = Release|iPhone
		{601F3B52-7CD9-4238-9CF0-1FD3009D05C2}.Release|ARM.ActiveCfg = Release|iPhone
		{601F3B52-7CD9-4238-9CF0-1FD3009D05C2}.Release|ARM.Build.0 = Release|iPhone
		{601F3B52-7CD9-4238-9CF0-1FD3009D05C2}.Release|ARM.Deploy.0 = Release|iPhone
		{601F3B52-7CD9-4238-9CF0-1FD3009D05C2}.Release|iPhone.ActiveCfg = Release|iPhone
		{601F3B52-7CD9-4238-9CF0-1FD3009D05C2}.Release|iPhone.Build.0 = Release|iPhone
		{601F3B52-7CD9-4238-9CF0-1FD3009D05C2}.Release|iPhone.Deploy.0 = Release|iPhone
		{601F3B52-7CD9-4238-9CF0-1FD3009D05C2}.Release|iPhoneSimulator.ActiveCfg = Release|iPhoneSimulator
		{601F3B52-7CD9-4238-9CF0-1FD3009D05C2}.Release|iPhoneSimulator.Build.0 = Release|iPhoneSimulator
		{601F3B52-7CD9-4238-9CF0-1FD3009D05C2}.Release|iPhoneSimulator.Deploy.0 = Release|iPhoneSimulator
		{601F3B52-7CD9-4238-9CF0-1FD3009D05C2}.Release|x64.ActiveCfg = Release|iPhone
		{601F3B52-7CD9-4238-9CF0-1FD3009D05C2}.Release|x64.Build.0 = Release|iPhone
		{601F3B52-7CD9-4238-9CF0-1FD3009D05C2}.Release|x64.Deploy.0 = Release|iPhone
		{601F3B52-7CD9-4238-9CF0-1FD3009D05C2}.Release|x86.ActiveCfg = Release|iPhone
		{601F3B52-7CD9-4238-9CF0-1FD3009D05C2}.Release|x86.Build.0 = Release|iPhone
		{601F3B52-7CD9-4238-9CF0-1FD3009D05C2}.Release|x86.Deploy.0 = Release|iPhone
		{D16B5C19-E3C7-4EC2-998D-970D42247C41}.Debug|Any CPU.ActiveCfg = Debug|Any CPU
		{D16B5C19-E3C7-4EC2-998D-970D42247C41}.Debug|Any CPU.Build.0 = Debug|Any CPU
		{D16B5C19-E3C7-4EC2-998D-970D42247C41}.Debug|Any CPU.Deploy.0 = Debug|Any CPU
		{D16B5C19-E3C7-4EC2-998D-970D42247C41}.Debug|ARM.ActiveCfg = Debug|Any CPU
		{D16B5C19-E3C7-4EC2-998D-970D42247C41}.Debug|ARM.Build.0 = Debug|Any CPU
		{D16B5C19-E3C7-4EC2-998D-970D42247C41}.Debug|ARM.Deploy.0 = Debug|Any CPU
		{D16B5C19-E3C7-4EC2-998D-970D42247C41}.Debug|iPhone.ActiveCfg = Debug|Any CPU
		{D16B5C19-E3C7-4EC2-998D-970D42247C41}.Debug|iPhone.Build.0 = Debug|Any CPU
		{D16B5C19-E3C7-4EC2-998D-970D42247C41}.Debug|iPhone.Deploy.0 = Debug|Any CPU
		{D16B5C19-E3C7-4EC2-998D-970D42247C41}.Debug|iPhoneSimulator.ActiveCfg = Debug|Any CPU
		{D16B5C19-E3C7-4EC2-998D-970D42247C41}.Debug|iPhoneSimulator.Build.0 = Debug|Any CPU
		{D16B5C19-E3C7-4EC2-998D-970D42247C41}.Debug|iPhoneSimulator.Deploy.0 = Debug|Any CPU
		{D16B5C19-E3C7-4EC2-998D-970D42247C41}.Debug|x64.ActiveCfg = Debug|Any CPU
		{D16B5C19-E3C7-4EC2-998D-970D42247C41}.Debug|x64.Build.0 = Debug|Any CPU
		{D16B5C19-E3C7-4EC2-998D-970D42247C41}.Debug|x64.Deploy.0 = Debug|Any CPU
		{D16B5C19-E3C7-4EC2-998D-970D42247C41}.Debug|x86.ActiveCfg = Debug|Any CPU
		{D16B5C19-E3C7-4EC2-998D-970D42247C41}.Debug|x86.Build.0 = Debug|Any CPU
		{D16B5C19-E3C7-4EC2-998D-970D42247C41}.Debug|x86.Deploy.0 = Debug|Any CPU
		{D16B5C19-E3C7-4EC2-998D-970D42247C41}.Release|Any CPU.ActiveCfg = Release|Any CPU
		{D16B5C19-E3C7-4EC2-998D-970D42247C41}.Release|Any CPU.Build.0 = Release|Any CPU
		{D16B5C19-E3C7-4EC2-998D-970D42247C41}.Release|Any CPU.Deploy.0 = Release|Any CPU
		{D16B5C19-E3C7-4EC2-998D-970D42247C41}.Release|ARM.ActiveCfg = Release|Any CPU
		{D16B5C19-E3C7-4EC2-998D-970D42247C41}.Release|ARM.Build.0 = Release|Any CPU
		{D16B5C19-E3C7-4EC2-998D-970D42247C41}.Release|ARM.Deploy.0 = Release|Any CPU
		{D16B5C19-E3C7-4EC2-998D-970D42247C41}.Release|iPhone.ActiveCfg = Release|Any CPU
		{D16B5C19-E3C7-4EC2-998D-970D42247C41}.Release|iPhone.Build.0 = Release|Any CPU
		{D16B5C19-E3C7-4EC2-998D-970D42247C41}.Release|iPhone.Deploy.0 = Release|Any CPU
		{D16B5C19-E3C7-4EC2-998D-970D42247C41}.Release|iPhoneSimulator.ActiveCfg = Release|Any CPU
		{D16B5C19-E3C7-4EC2-998D-970D42247C41}.Release|iPhoneSimulator.Build.0 = Release|Any CPU
		{D16B5C19-E3C7-4EC2-998D-970D42247C41}.Release|iPhoneSimulator.Deploy.0 = Release|Any CPU
		{D16B5C19-E3C7-4EC2-998D-970D42247C41}.Release|x64.ActiveCfg = Release|Any CPU
		{D16B5C19-E3C7-4EC2-998D-970D42247C41}.Release|x64.Build.0 = Release|Any CPU
		{D16B5C19-E3C7-4EC2-998D-970D42247C41}.Release|x64.Deploy.0 = Release|Any CPU
		{D16B5C19-E3C7-4EC2-998D-970D42247C41}.Release|x86.ActiveCfg = Release|Any CPU
		{D16B5C19-E3C7-4EC2-998D-970D42247C41}.Release|x86.Build.0 = Release|Any CPU
		{D16B5C19-E3C7-4EC2-998D-970D42247C41}.Release|x86.Deploy.0 = Release|Any CPU
	EndGlobalSection
	GlobalSection(SolutionProperties) = preSolution
		HideSolutionNode = FALSE
	EndGlobalSection
	GlobalSection(ExtensibilityGlobals) = postSolution
		SolutionGuid = {09DD637E-CBC5-4EEA-85C4-421D76BD2DFC}
	EndGlobalSection
EndGlobal
